// !$*UTF8*$!
{
	archiveVersion = 1;
	classes = {
	};
	objectVersion = 55;
	objects = {

/* Begin PBXBuildFile section */
		1E78C3792A591D0C008A5F22 /* KSPreviewView.m in Sources */ = {isa = PBXBuildFile; fileRef = 1E78C3782A59152C008A5F22 /* KSPreviewView.m */; };
		1E78C37C2A59E675008A5F22 /* KSCameraController.m in Sources */ = {isa = PBXBuildFile; fileRef = 1E78C37B2A59E675008A5F22 /* KSCameraController.m */; };
		1EE2D5012A34735400B4E077 /* AppDelegate.m in Sources */ = {isa = PBXBuildFile; fileRef = 1EE2D5002A34735400B4E077 /* AppDelegate.m */; };
		1EE2D5042A34735400B4E077 /* SceneDelegate.m in Sources */ = {isa = PBXBuildFile; fileRef = 1EE2D5032A34735400B4E077 /* SceneDelegate.m */; };
		1EE2D5072A34735400B4E077 /* ViewController.m in Sources */ = {isa = PBXBuildFile; fileRef = 1EE2D5062A34735400B4E077 /* ViewController.m */; };
		1EE2D50A2A34735400B4E077 /* Main.storyboard in Resources */ = {isa = PBXBuildFile; fileRef = 1EE2D5082A34735400B4E077 /* Main.storyboard */; };
		1EE2D50C2A34735500B4E077 /* Assets.xcassets in Resources */ = {isa = PBXBuildFile; fileRef = 1EE2D50B2A34735500B4E077 /* Assets.xcassets */; };
		1EE2D50F2A34735500B4E077 /* LaunchScreen.storyboard in Resources */ = {isa = PBXBuildFile; fileRef = 1EE2D50D2A34735500B4E077 /* LaunchScreen.storyboard */; };
		1EE2D5122A34735500B4E077 /* main.m in Sources */ = {isa = PBXBuildFile; fileRef = 1EE2D5112A34735500B4E077 /* main.m */; };
		1EE2D51C2A34735600B4E077 /* CamstarTests.m in Sources */ = {isa = PBXBuildFile; fileRef = 1EE2D51B2A34735600B4E077 /* CamstarTests.m */; };
		1EE2D5262A34735600B4E077 /* CamstarUITests.m in Sources */ = {isa = PBXBuildFile; fileRef = 1EE2D5252A34735600B4E077 /* CamstarUITests.m */; };
		1EE2D5282A34735600B4E077 /* CamstarUITestsLaunchTests.m in Sources */ = {isa = PBXBuildFile; fileRef = 1EE2D5272A34735600B4E077 /* CamstarUITestsLaunchTests.m */; };
/* End PBXBuildFile section */

/* Begin PBXContainerItemProxy section */
		1EE2D5182A34735500B4E077 /* PBXContainerItemProxy */ = {
			isa = PBXContainerItemProxy;
			containerPortal = 1EE2D4F42A34735400B4E077 /* Project object */;
			proxyType = 1;
			remoteGlobalIDString = 1EE2D4FB2A34735400B4E077;
			remoteInfo = Camstar;
		};
		1EE2D5222A34735600B4E077 /* PBXContainerItemProxy */ = {
			isa = PBXContainerItemProxy;
			containerPortal = 1EE2D4F42A34735400B4E077 /* Project object */;
			proxyType = 1;
			remoteGlobalIDString = 1EE2D4FB2A34735400B4E077;
			remoteInfo = Camstar;
		};
/* End PBXContainerItemProxy section */

/* Begin PBXFileReference section */
		1E78C3762A5913C6008A5F22 /* Readme.md */ = {isa = PBXFileReference; lastKnownFileType = net.daringfireball.markdown; path = Readme.md; sourceTree = "<group>"; };
		1E78C3772A59152C008A5F22 /* KSPreviewView.h */ = {isa = PBXFileReference; lastKnownFileType = sourcecode.c.h; path = KSPreviewView.h; sourceTree = "<group>"; };
		1E78C3782A59152C008A5F22 /* KSPreviewView.m */ = {isa = PBXFileReference; lastKnownFileType = sourcecode.c.objc; path = KSPreviewView.m; sourceTree = "<group>"; };
		1E78C37A2A59E675008A5F22 /* KSCameraController.h */ = {isa = PBXFileReference; lastKnownFileType = sourcecode.c.h; path = KSCameraController.h; sourceTree = "<group>"; };
		1E78C37B2A59E675008A5F22 /* KSCameraController.m */ = {isa = PBXFileReference; lastKnownFileType = sourcecode.c.objc; path = KSCameraController.m; sourceTree = "<group>"; };
		1E78C3802A5B5639008A5F22 /* Readme.md */ = {isa = PBXFileReference; lastKnownFileType = net.daringfireball.markdown; path = Readme.md; sourceTree = "<group>"; };
		1EB4910F2A383A04006BCC7A /* Readme.md */ = {isa = PBXFileReference; lastKnownFileType = net.daringfireball.markdown; path = Readme.md; sourceTree = "<group>"; };
		1EE2D4FC2A34735400B4E077 /* Camstar.app */ = {isa = PBXFileReference; explicitFileType = wrapper.application; includeInIndex = 0; path = Camstar.app; sourceTree = BUILT_PRODUCTS_DIR; };
		1EE2D4FF2A34735400B4E077 /* AppDelegate.h */ = {isa = PBXFileReference; lastKnownFileType = sourcecode.c.h; path = AppDelegate.h; sourceTree = "<group>"; };
		1EE2D5002A34735400B4E077 /* AppDelegate.m */ = {isa = PBXFileReference; lastKnownFileType = sourcecode.c.objc; path = AppDelegate.m; sourceTree = "<group>"; };
		1EE2D5022A34735400B4E077 /* SceneDelegate.h */ = {isa = PBXFileReference; lastKnownFileType = sourcecode.c.h; path = SceneDelegate.h; sourceTree = "<group>"; };
		1EE2D5032A34735400B4E077 /* SceneDelegate.m */ = {isa = PBXFileReference; lastKnownFileType = sourcecode.c.objc; path = SceneDelegate.m; sourceTree = "<group>"; };
		1EE2D5052A34735400B4E077 /* ViewController.h */ = {isa = PBXFileReference; lastKnownFileType = sourcecode.c.h; path = ViewController.h; sourceTree = "<group>"; };
		1EE2D5062A34735400B4E077 /* ViewController.m */ = {isa = PBXFileReference; lastKnownFileType = sourcecode.c.objc; path = ViewController.m; sourceTree = "<group>"; };
		1EE2D5092A34735400B4E077 /* Base */ = {isa = PBXFileReference; lastKnownFileType = file.storyboard; name = Base; path = Base.lproj/Main.storyboard; sourceTree = "<group>"; };
		1EE2D50B2A34735500B4E077 /* Assets.xcassets */ = {isa = PBXFileReference; lastKnownFileType = folder.assetcatalog; path = Assets.xcassets; sourceTree = "<group>"; };
		1EE2D50E2A34735500B4E077 /* Base */ = {isa = PBXFileReference; lastKnownFileType = file.storyboard; name = Base; path = Base.lproj/LaunchScreen.storyboard; sourceTree = "<group>"; };
		1EE2D5102A34735500B4E077 /* Info.plist */ = {isa = PBXFileReference; lastKnownFileType = text.plist.xml; path = Info.plist; sourceTree = "<group>"; };
		1EE2D5112A34735500B4E077 /* main.m */ = {isa = PBXFileReference; lastKnownFileType = sourcecode.c.objc; path = main.m; sourceTree = "<group>"; };
		1EE2D5172A34735500B4E077 /* CamstarTests.xctest */ = {isa = PBXFileReference; explicitFileType = wrapper.cfbundle; includeInIndex = 0; path = CamstarTests.xctest; sourceTree = BUILT_PRODUCTS_DIR; };
		1EE2D51B2A34735600B4E077 /* CamstarTests.m */ = {isa = PBXFileReference; lastKnownFileType = sourcecode.c.objc; path = CamstarTests.m; sourceTree = "<group>"; };
		1EE2D5212A34735600B4E077 /* CamstarUITests.xctest */ = {isa = PBXFileReference; explicitFileType = wrapper.cfbundle; includeInIndex = 0; path = CamstarUITests.xctest; sourceTree = BUILT_PRODUCTS_DIR; };
		1EE2D5252A34735600B4E077 /* CamstarUITests.m */ = {isa = PBXFileReference; lastKnownFileType = sourcecode.c.objc; path = CamstarUITests.m; sourceTree = "<group>"; };
		1EE2D5272A34735600B4E077 /* CamstarUITestsLaunchTests.m */ = {isa = PBXFileReference; lastKnownFileType = sourcecode.c.objc; path = CamstarUITestsLaunchTests.m; sourceTree = "<group>"; };
/* End PBXFileReference section */

/* Begin PBXFrameworksBuildPhase section */
		1EE2D4F92A34735400B4E077 /* Frameworks */ = {
			isa = PBXFrameworksBuildPhase;
			buildActionMask = 2147483647;
			files = (
			);
			runOnlyForDeploymentPostprocessing = 0;
		};
		1EE2D5142A34735500B4E077 /* Frameworks */ = {
			isa = PBXFrameworksBuildPhase;
			buildActionMask = 2147483647;
			files = (
			);
			runOnlyForDeploymentPostprocessing = 0;
		};
		1EE2D51E2A34735600B4E077 /* Frameworks */ = {
			isa = PBXFrameworksBuildPhase;
			buildActionMask = 2147483647;
			files = (
			);
			runOnlyForDeploymentPostprocessing = 0;
		};
/* End PBXFrameworksBuildPhase section */

/* Begin PBXGroup section */
		1E78C3752A591375008A5F22 /* Capture1 */ = {
			isa = PBXGroup;
			children = (
				1E78C3762A5913C6008A5F22 /* Readme.md */,
				1E78C3772A59152C008A5F22 /* KSPreviewView.h */,
				1E78C3782A59152C008A5F22 /* KSPreviewView.m */,
				1E78C37A2A59E675008A5F22 /* KSCameraController.h */,
				1E78C37B2A59E675008A5F22 /* KSCameraController.m */,
			);
			path = Capture1;
			sourceTree = "<group>";
		};
		1E78C37D2A5B55ED008A5F22 /* Capture2 */ = {
			isa = PBXGroup;
			children = (
				1E78C3802A5B5639008A5F22 /* Readme.md */,
			);
			path = Capture2;
			sourceTree = "<group>";
		};
		1EB4910E2A383983006BCC7A /* LCapture */ = {
			isa = PBXGroup;
			children = (
				1EB4910F2A383A04006BCC7A /* Readme.md */,
			);
			path = LCapture;
			sourceTree = "<group>";
		};
		1EE2D4F32A34735400B4E077 = {
			isa = PBXGroup;
			children = (
				1E78C37D2A5B55ED008A5F22 /* Capture2 */,
				1E78C3752A591375008A5F22 /* Capture1 */,
				1EB4910E2A383983006BCC7A /* LCapture */,
				1EE2D4FE2A34735400B4E077 /* Camstar */,
				1EE2D51A2A34735600B4E077 /* CamstarTests */,
				1EE2D5242A34735600B4E077 /* CamstarUITests */,
				1EE2D4FD2A34735400B4E077 /* Products */,
			);
			sourceTree = "<group>";
		};
		1EE2D4FD2A34735400B4E077 /* Products */ = {
			isa = PBXGroup;
			children = (
				1EE2D4FC2A34735400B4E077 /* Camstar.app */,
				1EE2D5172A34735500B4E077 /* CamstarTests.xctest */,
				1EE2D5212A34735600B4E077 /* CamstarUITests.xctest */,
			);
			name = Products;
			sourceTree = "<group>";
		};
		1EE2D4FE2A34735400B4E077 /* Camstar */ = {
			isa = PBXGroup;
			children = (
				1EE2D4FF2A34735400B4E077 /* AppDelegate.h */,
				1EE2D5002A34735400B4E077 /* AppDelegate.m */,
				1EE2D5022A34735400B4E077 /* SceneDelegate.h */,
				1EE2D5032A34735400B4E077 /* SceneDelegate.m */,
				1EE2D5052A34735400B4E077 /* ViewController.h */,
				1EE2D5062A34735400B4E077 /* ViewController.m */,
				1EE2D5082A34735400B4E077 /* Main.storyboard */,
				1EE2D50B2A34735500B4E077 /* Assets.xcassets */,
				1EE2D50D2A34735500B4E077 /* LaunchScreen.storyboard */,
				1EE2D5102A34735500B4E077 /* Info.plist */,
				1EE2D5112A34735500B4E077 /* main.m */,
			);
			path = Camstar;
			sourceTree = "<group>";
		};
		1EE2D51A2A34735600B4E077 /* CamstarTests */ = {
			isa = PBXGroup;
			children = (
				1EE2D51B2A34735600B4E077 /* CamstarTests.m */,
			);
			path = CamstarTests;
			sourceTree = "<group>";
		};
		1EE2D5242A34735600B4E077 /* CamstarUITests */ = {
			isa = PBXGroup;
			children = (
				1EE2D5252A34735600B4E077 /* CamstarUITests.m */,
				1EE2D5272A34735600B4E077 /* CamstarUITestsLaunchTests.m */,
			);
			path = CamstarUITests;
			sourceTree = "<group>";
		};
/* End PBXGroup section */

/* Begin PBXNativeTarget section */
		1EE2D4FB2A34735400B4E077 /* Camstar */ = {
			isa = PBXNativeTarget;
			buildConfigurationList = 1EE2D52B2A34735600B4E077 /* Build configuration list for PBXNativeTarget "Camstar" */;
			buildPhases = (
				1EE2D4F82A34735400B4E077 /* Sources */,
				1EE2D4F92A34735400B4E077 /* Frameworks */,
				1EE2D4FA2A34735400B4E077 /* Resources */,
			);
			buildRules = (
			);
			dependencies = (
			);
			name = Camstar;
			productName = Camstar;
			productReference = 1EE2D4FC2A34735400B4E077 /* Camstar.app */;
			productType = "com.apple.product-type.application";
		};
		1EE2D5162A34735500B4E077 /* CamstarTests */ = {
			isa = PBXNativeTarget;
			buildConfigurationList = 1EE2D52E2A34735600B4E077 /* Build configuration list for PBXNativeTarget "CamstarTests" */;
			buildPhases = (
				1EE2D5132A34735500B4E077 /* Sources */,
				1EE2D5142A34735500B4E077 /* Frameworks */,
				1EE2D5152A34735500B4E077 /* Resources */,
			);
			buildRules = (
			);
			dependencies = (
				1EE2D5192A34735500B4E077 /* PBXTargetDependency */,
			);
			name = CamstarTests;
			productName = CamstarTests;
			productReference = 1EE2D5172A34735500B4E077 /* CamstarTests.xctest */;
			productType = "com.apple.product-type.bundle.unit-test";
		};
		1EE2D5202A34735600B4E077 /* CamstarUITests */ = {
			isa = PBXNativeTarget;
			buildConfigurationList = 1EE2D5312A34735600B4E077 /* Build configuration list for PBXNativeTarget "CamstarUITests" */;
			buildPhases = (
				1EE2D51D2A34735600B4E077 /* Sources */,
				1EE2D51E2A34735600B4E077 /* Frameworks */,
				1EE2D51F2A34735600B4E077 /* Resources */,
			);
			buildRules = (
			);
			dependencies = (
				1EE2D5232A34735600B4E077 /* PBXTargetDependency */,
			);
			name = CamstarUITests;
			productName = CamstarUITests;
			productReference = 1EE2D5212A34735600B4E077 /* CamstarUITests.xctest */;
			productType = "com.apple.product-type.bundle.ui-testing";
		};
/* End PBXNativeTarget section */

/* Begin PBXProject section */
		1EE2D4F42A34735400B4E077 /* Project object */ = {
			isa = PBXProject;
			attributes = {
				BuildIndependentTargetsInParallel = 1;
				LastUpgradeCheck = 1340;
				TargetAttributes = {
					1EE2D4FB2A34735400B4E077 = {
						CreatedOnToolsVersion = 13.4;
					};
					1EE2D5162A34735500B4E077 = {
						CreatedOnToolsVersion = 13.4;
						TestTargetID = 1EE2D4FB2A34735400B4E077;
					};
					1EE2D5202A34735600B4E077 = {
						CreatedOnToolsVersion = 13.4;
						TestTargetID = 1EE2D4FB2A34735400B4E077;
					};
				};
			};
			buildConfigurationList = 1EE2D4F72A34735400B4E077 /* Build configuration list for PBXProject "Camstar" */;
			compatibilityVersion = "Xcode 13.0";
			developmentRegion = en;
			hasScannedForEncodings = 0;
			knownRegions = (
				en,
				Base,
			);
			mainGroup = 1EE2D4F32A34735400B4E077;
			productRefGroup = 1EE2D4FD2A34735400B4E077 /* Products */;
			projectDirPath = "";
			projectRoot = "";
			targets = (
				1EE2D4FB2A34735400B4E077 /* Camstar */,
				1EE2D5162A34735500B4E077 /* CamstarTests */,
				1EE2D5202A34735600B4E077 /* CamstarUITests */,
			);
		};
/* End PBXProject section */

/* Begin PBXResourcesBuildPhase section */
		1EE2D4FA2A34735400B4E077 /* Resources */ = {
			isa = PBXResourcesBuildPhase;
			buildActionMask = 2147483647;
			files = (
				1EE2D50F2A34735500B4E077 /* LaunchScreen.storyboard in Resources */,
				1EE2D50C2A34735500B4E077 /* Assets.xcassets in Resources */,
				1EE2D50A2A34735400B4E077 /* Main.storyboard in Resources */,
			);
			runOnlyForDeploymentPostprocessing = 0;
		};
		1EE2D5152A34735500B4E077 /* Resources */ = {
			isa = PBXResourcesBuildPhase;
			buildActionMask = 2147483647;
			files = (
			);
			runOnlyForDeploymentPostprocessing = 0;
		};
		1EE2D51F2A34735600B4E077 /* Resources */ = {
			isa = PBXResourcesBuildPhase;
			buildActionMask = 2147483647;
			files = (
			);
			runOnlyForDeploymentPostprocessing = 0;
		};
/* End PBXResourcesBuildPhase section */

/* Begin PBXSourcesBuildPhase section */
		1EE2D4F82A34735400B4E077 /* Sources */ = {
			isa = PBXSourcesBuildPhase;
			buildActionMask = 2147483647;
			files = (
				1E78C3792A591D0C008A5F22 /* KSPreviewView.m in Sources */,
				1EE2D5072A34735400B4E077 /* ViewController.m in Sources */,
				1E78C37C2A59E675008A5F22 /* KSCameraController.m in Sources */,
				1EE2D5012A34735400B4E077 /* AppDelegate.m in Sources */,
				1EE2D5122A34735500B4E077 /* main.m in Sources */,
				1EE2D5042A34735400B4E077 /* SceneDelegate.m in Sources */,
			);
			runOnlyForDeploymentPostprocessing = 0;
		};
		1EE2D5132A34735500B4E077 /* Sources */ = {
			isa = PBXSourcesBuildPhase;
			buildActionMask = 2147483647;
			files = (
				1EE2D51C2A34735600B4E077 /* CamstarTests.m in Sources */,
			);
			runOnlyForDeploymentPostprocessing = 0;
		};
		1EE2D51D2A34735600B4E077 /* Sources */ = {
			isa = PBXSourcesBuildPhase;
			buildActionMask = 2147483647;
			files = (
				1EE2D5282A34735600B4E077 /* CamstarUITestsLaunchTests.m in Sources */,
				1EE2D5262A34735600B4E077 /* CamstarUITests.m in Sources */,
			);
			runOnlyForDeploymentPostprocessing = 0;
		};
/* End PBXSourcesBuildPhase section */

/* Begin PBXTargetDependency section */
		1EE2D5192A34735500B4E077 /* PBXTargetDependency */ = {
			isa = PBXTargetDependency;
			target = 1EE2D4FB2A34735400B4E077 /* Camstar */;
			targetProxy = 1EE2D5182A34735500B4E077 /* PBXContainerItemProxy */;
		};
		1EE2D5232A34735600B4E077 /* PBXTargetDependency */ = {
			isa = PBXTargetDependency;
			target = 1EE2D4FB2A34735400B4E077 /* Camstar */;
			targetProxy = 1EE2D5222A34735600B4E077 /* PBXContainerItemProxy */;
		};
/* End PBXTargetDependency section */

/* Begin PBXVariantGroup section */
		1EE2D5082A34735400B4E077 /* Main.storyboard */ = {
			isa = PBXVariantGroup;
			children = (
				1EE2D5092A34735400B4E077 /* Base */,
			);
			name = Main.storyboard;
			sourceTree = "<group>";
		};
		1EE2D50D2A34735500B4E077 /* LaunchScreen.storyboard */ = {
			isa = PBXVariantGroup;
			children = (
				1EE2D50E2A34735500B4E077 /* Base */,
			);
			name = LaunchScreen.storyboard;
			sourceTree = "<group>";
		};
/* End PBXVariantGroup section */

/* Begin XCBuildConfiguration section */
		1EE2D5292A34735600B4E077 /* Debug */ = {
			isa = XCBuildConfiguration;
			buildSettings = {
				ALWAYS_SEARCH_USER_PATHS = NO;
				CLANG_ANALYZER_NONNULL = YES;
				CLANG_ANALYZER_NUMBER_OBJECT_CONVERSION = YES_AGGRESSIVE;
				CLANG_CXX_LANGUAGE_STANDARD = "gnu++17";
				CLANG_ENABLE_MODULES = YES;
				CLANG_ENABLE_OBJC_ARC = YES;
				CLANG_ENABLE_OBJC_WEAK = YES;
				CLANG_WARN_BLOCK_CAPTURE_AUTORELEASING = YES;
				CLANG_WARN_BOOL_CONVERSION = YES;
				CLANG_WARN_COMMA = YES;
				CLANG_WARN_CONSTANT_CONVERSION = YES;
				CLANG_WARN_DEPRECATED_OBJC_IMPLEMENTATIONS = YES;
				CLANG_WARN_DIRECT_OBJC_ISA_USAGE = YES_ERROR;
				CLANG_WARN_DOCUMENTATION_COMMENTS = YES;
				CLANG_WARN_EMPTY_BODY = YES;
				CLANG_WARN_ENUM_CONVERSION = YES;
				CLANG_WARN_INFINITE_RECURSION = YES;
				CLANG_WARN_INT_CONVERSION = YES;
				CLANG_WARN_NON_LITERAL_NULL_CONVERSION = YES;
				CLANG_WARN_OBJC_IMPLICIT_RETAIN_SELF = YES;
				CLANG_WARN_OBJC_LITERAL_CONVERSION = YES;
				CLANG_WARN_OBJC_ROOT_CLASS = YES_ERROR;
				CLANG_WARN_QUOTED_INCLUDE_IN_FRAMEWORK_HEADER = YES;
				CLANG_WARN_RANGE_LOOP_ANALYSIS = YES;
				CLANG_WARN_STRICT_PROTOTYPES = YES;
				CLANG_WARN_SUSPICIOUS_MOVE = YES;
				CLANG_WARN_UNGUARDED_AVAILABILITY = YES_AGGRESSIVE;
				CLANG_WARN_UNREACHABLE_CODE = YES;
				CLANG_WARN__DUPLICATE_METHOD_MATCH = YES;
				COPY_PHASE_STRIP = NO;
				DEBUG_INFORMATION_FORMAT = dwarf;
				ENABLE_STRICT_OBJC_MSGSEND = YES;
				ENABLE_TESTABILITY = YES;
				GCC_C_LANGUAGE_STANDARD = gnu11;
				GCC_DYNAMIC_NO_PIC = NO;
				GCC_NO_COMMON_BLOCKS = YES;
				GCC_OPTIMIZATION_LEVEL = 0;
				GCC_PREPROCESSOR_DEFINITIONS = (
					"DEBUG=1",
					"$(inherited)",
				);
				GCC_WARN_64_TO_32_BIT_CONVERSION = YES;
				GCC_WARN_ABOUT_RETURN_TYPE = YES_ERROR;
				GCC_WARN_UNDECLARED_SELECTOR = YES;
				GCC_WARN_UNINITIALIZED_AUTOS = YES_AGGRESSIVE;
				GCC_WARN_UNUSED_FUNCTION = YES;
				GCC_WARN_UNUSED_VARIABLE = YES;
				IPHONEOS_DEPLOYMENT_TARGET = 15.5;
				MTL_ENABLE_DEBUG_INFO = INCLUDE_SOURCE;
				MTL_FAST_MATH = YES;
				ONLY_ACTIVE_ARCH = YES;
				SDKROOT = iphoneos;
			};
			name = Debug;
		};
		1EE2D52A2A34735600B4E077 /* Release */ = {
			isa = XCBuildConfiguration;
			buildSettings = {
				ALWAYS_SEARCH_USER_PATHS = NO;
				CLANG_ANALYZER_NONNULL = YES;
				CLANG_ANALYZER_NUMBER_OBJECT_CONVERSION = YES_AGGRESSIVE;
				CLANG_CXX_LANGUAGE_STANDARD = "gnu++17";
				CLANG_ENABLE_MODULES = YES;
				CLANG_ENABLE_OBJC_ARC = YES;
				CLANG_ENABLE_OBJC_WEAK = YES;
				CLANG_WARN_BLOCK_CAPTURE_AUTORELEASING = YES;
				CLANG_WARN_BOOL_CONVERSION = YES;
				CLANG_WARN_COMMA = YES;
				CLANG_WARN_CONSTANT_CONVERSION = YES;
				CLANG_WARN_DEPRECATED_OBJC_IMPLEMENTATIONS = YES;
				CLANG_WARN_DIRECT_OBJC_ISA_USAGE = YES_ERROR;
				CLANG_WARN_DOCUMENTATION_COMMENTS = YES;
				CLANG_WARN_EMPTY_BODY = YES;
				CLANG_WARN_ENUM_CONVERSION = YES;
				CLANG_WARN_INFINITE_RECURSION = YES;
				CLANG_WARN_INT_CONVERSION = YES;
				CLANG_WARN_NON_LITERAL_NULL_CONVERSION = YES;
				CLANG_WARN_OBJC_IMPLICIT_RETAIN_SELF = YES;
				CLANG_WARN_OBJC_LITERAL_CONVERSION = YES;
				CLANG_WARN_OBJC_ROOT_CLASS = YES_ERROR;
				CLANG_WARN_QUOTED_INCLUDE_IN_FRAMEWORK_HEADER = YES;
				CLANG_WARN_RANGE_LOOP_ANALYSIS = YES;
				CLANG_WARN_STRICT_PROTOTYPES = YES;
				CLANG_WARN_SUSPICIOUS_MOVE = YES;
				CLANG_WARN_UNGUARDED_AVAILABILITY = YES_AGGRESSIVE;
				CLANG_WARN_UNREACHABLE_CODE = YES;
				CLANG_WARN__DUPLICATE_METHOD_MATCH = YES;
				COPY_PHASE_STRIP = NO;
				DEBUG_INFORMATION_FORMAT = "dwarf-with-dsym";
				ENABLE_NS_ASSERTIONS = NO;
				ENABLE_STRICT_OBJC_MSGSEND = YES;
				GCC_C_LANGUAGE_STANDARD = gnu11;
				GCC_NO_COMMON_BLOCKS = YES;
				GCC_WARN_64_TO_32_BIT_CONVERSION = YES;
				GCC_WARN_ABOUT_RETURN_TYPE = YES_ERROR;
				GCC_WARN_UNDECLARED_SELECTOR = YES;
				GCC_WARN_UNINITIALIZED_AUTOS = YES_AGGRESSIVE;
				GCC_WARN_UNUSED_FUNCTION = YES;
				GCC_WARN_UNUSED_VARIABLE = YES;
				IPHONEOS_DEPLOYMENT_TARGET = 15.5;
				MTL_ENABLE_DEBUG_INFO = NO;
				MTL_FAST_MATH = YES;
				SDKROOT = iphoneos;
				VALIDATE_PRODUCT = YES;
			};
			name = Release;
		};
		1EE2D52C2A34735600B4E077 /* Debug */ = {
			isa = XCBuildConfiguration;
			buildSettings = {
				ASSETCATALOG_COMPILER_APPICON_NAME = AppIcon;
				ASSETCATALOG_COMPILER_GLOBAL_ACCENT_COLOR_NAME = AccentColor;
				CODE_SIGN_STYLE = Automatic;
				CURRENT_PROJECT_VERSION = 1;
				GENERATE_INFOPLIST_FILE = YES;
				INFOPLIST_FILE = Camstar/Info.plist;
				INFOPLIST_KEY_UIApplicationSupportsIndirectInputEvents = YES;
				INFOPLIST_KEY_UILaunchStoryboardName = LaunchScreen;
				INFOPLIST_KEY_UIMainStoryboardFile = Main;
				INFOPLIST_KEY_UISupportedInterfaceOrientations_iPad = "UIInterfaceOrientationPortrait UIInterfaceOrientationPortraitUpsideDown UIInterfaceOrientationLandscapeLeft UIInterfaceOrientationLandscapeRight";
				INFOPLIST_KEY_UISupportedInterfaceOrientations_iPhone = "UIInterfaceOrientationPortrait UIInterfaceOrientationLandscapeLeft UIInterfaceOrientationLandscapeRight";
				LD_RUNPATH_SEARCH_PATHS = (
					"$(inherited)",
					"@executable_path/Frameworks",
				);
				MARKETING_VERSION = 1.0;
				PRODUCT_BUNDLE_IDENTIFIER = com.kalasoft.Camstar;
				PRODUCT_NAME = "$(TARGET_NAME)";
				SWIFT_EMIT_LOC_STRINGS = YES;
				TARGETED_DEVICE_FAMILY = "1,2";
			};
			name = Debug;
		};
		1EE2D52D2A34735600B4E077 /* Release */ = {
			isa = XCBuildConfiguration;
			buildSettings = {
				ASSETCATALOG_COMPILER_APPICON_NAME = AppIcon;
				ASSETCATALOG_COMPILER_GLOBAL_ACCENT_COLOR_NAME = AccentColor;
				CODE_SIGN_STYLE = Automatic;
				CURRENT_PROJECT_VERSION = 1;
				GENERATE_INFOPLIST_FILE = YES;
				INFOPLIST_FILE = Camstar/Info.plist;
				INFOPLIST_KEY_UIApplicationSupportsIndirectInputEvents = YES;
				INFOPLIST_KEY_UILaunchStoryboardName = LaunchScreen;
				INFOPLIST_KEY_UIMainStoryboardFile = Main;
				INFOPLIST_KEY_UISupportedInterfaceOrientations_iPad = "UIInterfaceOrientationPortrait UIInterfaceOrientationPortraitUpsideDown UIInterfaceOrientationLandscapeLeft UIInterfaceOrientationLandscapeRight";
				INFOPLIST_KEY_UISupportedInterfaceOrientations_iPhone = "UIInterfaceOrientationPortrait UIInterfaceOrientationLandscapeLeft UIInterfaceOrientationLandscapeRight";
				LD_RUNPATH_SEARCH_PATHS = (
					"$(inherited)",
					"@executable_path/Frameworks",
				);
				MARKETING_VERSION = 1.0;
				PRODUCT_BUNDLE_IDENTIFIER = com.kalasoft.Camstar;
				PRODUCT_NAME = "$(TARGET_NAME)";
				SWIFT_EMIT_LOC_STRINGS = YES;
				TARGETED_DEVICE_FAMILY = "1,2";
			};
			name = Release;
		};
		1EE2D52F2A34735600B4E077 /* Debug */ = {
			isa = XCBuildConfiguration;
			buildSettings = {
				BUNDLE_LOADER = "$(TEST_HOST)";
				CODE_SIGN_STYLE = Automatic;
				CURRENT_PROJECT_VERSION = 1;
				GENERATE_INFOPLIST_FILE = YES;
				IPHONEOS_DEPLOYMENT_TARGET = 15.5;
				MARKETING_VERSION = 1.0;
				PRODUCT_BUNDLE_IDENTIFIER = com.kalasoft.CamstarTests;
				PRODUCT_NAME = "$(TARGET_NAME)";
				SWIFT_EMIT_LOC_STRINGS = NO;
				TARGETED_DEVICE_FAMILY = "1,2";
				TEST_HOST = "$(BUILT_PRODUCTS_DIR)/Camstar.app/Camstar";
			};
			name = Debug;
		};
		1EE2D5302A34735600B4E077 /* Release */ = {
			isa = XCBuildConfiguration;
			buildSettings = {
				BUNDLE_LOADER = "$(TEST_HOST)";
				CODE_SIGN_STYLE = Automatic;
				CURRENT_PROJECT_VERSION = 1;
				GENERATE_INFOPLIST_FILE = YES;
				IPHONEOS_DEPLOYMENT_TARGET = 15.5;
				MARKETING_VERSION = 1.0;
				PRODUCT_BUNDLE_IDENTIFIER = com.kalasoft.CamstarTests;
				PRODUCT_NAME = "$(TARGET_NAME)";
				SWIFT_EMIT_LOC_STRINGS = NO;
				TARGETED_DEVICE_FAMILY = "1,2";
				TEST_HOST = "$(BUILT_PRODUCTS_DIR)/Camstar.app/Camstar";
			};
			name = Release;
		};
		1EE2D5322A34735600B4E077 /* Debug */ = {
			isa = XCBuildConfiguration;
			buildSettings = {
				CODE_SIGN_STYLE = Automatic;
				CURRENT_PROJECT_VERSION = 1;
				GENERATE_INFOPLIST_FILE = YES;
				MARKETING_VERSION = 1.0;
				PRODUCT_BUNDLE_IDENTIFIER = com.kalasoft.CamstarUITests;
				PRODUCT_NAME = "$(TARGET_NAME)";
				SWIFT_EMIT_LOC_STRINGS = NO;
				TARGETED_DEVICE_FAMILY = "1,2";
				TEST_TARGET_NAME = Camstar;
			};
			name = Debug;
		};
		1EE2D5332A34735600B4E077 /* Release */ = {
			isa = XCBuildConfiguration;
			buildSettings = {
				CODE_SIGN_STYLE = Automatic;
				CURRENT_PROJECT_VERSION = 1;
				GENERATE_INFOPLIST_FILE = YES;
				MARKETING_VERSION = 1.0;
				PRODUCT_BUNDLE_IDENTIFIER = com.kalasoft.CamstarUITests;
				PRODUCT_NAME = "$(TARGET_NAME)";
				SWIFT_EMIT_LOC_STRINGS = NO;
				TARGETED_DEVICE_FAMILY = "1,2";
				TEST_TARGET_NAME = Camstar;
			};
			name = Release;
		};
/* End XCBuildConfiguration section */

/* Begin XCConfigurationList section */
		1EE2D4F72A34735400B4E077 /* Build configuration list for PBXProject "Camstar" */ = {
			isa = XCConfigurationList;
			buildConfigurations = (
				1EE2D5292A34735600B4E077 /* Debug */,
				1EE2D52A2A34735600B4E077 /* Release */,
			);
			defaultConfigurationIsVisible = 0;
			defaultConfigurationName = Release;
		};
		1EE2D52B2A34735600B4E077 /* Build configuration list for PBXNativeTarget "Camstar" */ = {
			isa = XCConfigurationList;
			buildConfigurations = (
				1EE2D52C2A34735600B4E077 /* Debug */,
				1EE2D52D2A34735600B4E077 /* Release */,
			);
			defaultConfigurationIsVisible = 0;
			defaultConfigurationName = Release;
		};
		1EE2D52E2A34735600B4E077 /* Build configuration list for PBXNativeTarget "CamstarTests" */ = {
			isa = XCConfigurationList;
			buildConfigurations = (
				1EE2D52F2A34735600B4E077 /* Debug */,
				1EE2D5302A34735600B4E077 /* Release */,
			);
			defaultConfigurationIsVisible = 0;
			defaultConfigurationName = Release;
		};
		1EE2D5312A34735600B4E077 /* Build configuration list for PBXNativeTarget "CamstarUITests" */ = {
			isa = XCConfigurationList;
			buildConfigurations = (
				1EE2D5322A34735600B4E077 /* Debug */,
				1EE2D5332A34735600B4E077 /* Release */,
			);
			defaultConfigurationIsVisible = 0;
			defaultConfigurationName = Release;
		};
/* End XCConfigurationList section */
	};
	rootObject = 1EE2D4F42A34735400B4E077 /* Project object */;
}
